{
  "object": {
    "pins": [
      {
        "package": "TVOSKeyboard",
        "repositoryURL": "https://github.com/goldenplan/TVOSKeyboard",
        "state": {
          "branch": null,
          "revision": "4bc724cc940d64157febe9600efc0f3ee8371fa9",
          "version": "0.1.0"
        }
      }
    ]
  },
  "version": 1
}
