{
  "object": {
    "pins": [
      {
        "package": "TVOSKeyboard",
        "repositoryURL": "https://github.com/goldenplan/TVOSKeyboard",
        "state": {
          "branch": null,
          "revision": "a166aee183ee34ae81e9cf004543eb93c6b46e02",
          "version": "0.1.2"
        }
      }
    ]
  },
  "version": 1
}
