{
  "object": {
    "pins": [
      {
        "package": "TVOSKeyboard",
        "repositoryURL": "https://github.com/goldenplan/TVOSKeyboard",
        "state": {
          "branch": null,
          "revision": "6609d7d0aaeadb7cae75d1c8e8a52b8ba99f50d1",
          "version": "0.1.1"
        }
      }
    ]
  },
  "version": 1
}
