// !$*UTF8*$!
{
	archiveVersion = 1;
	classes = {
	};
	objectVersion = 52;
	objects = {

/* Begin PBXBuildFile section */
		F6261A4924B0782F00C9865B /* AppDelegate.swift in Sources */ = {isa = PBXBuildFile; fileRef = F6261A4824B0782F00C9865B /* AppDelegate.swift */; };
		F6261A4B24B0782F00C9865B /* ViewController.swift in Sources */ = {isa = PBXBuildFile; fileRef = F6261A4A24B0782F00C9865B /* ViewController.swift */; };
		F6261A4E24B0782F00C9865B /* Main.storyboard in Resources */ = {isa = PBXBuildFile; fileRef = F6261A4C24B0782F00C9865B /* Main.storyboard */; };
		F6261A5024B0783000C9865B /* Assets.xcassets in Resources */ = {isa = PBXBuildFile; fileRef = F6261A4F24B0783000C9865B /* Assets.xcassets */; };
		F6261A5324B0783000C9865B /* LaunchScreen.storyboard in Resources */ = {isa = PBXBuildFile; fileRef = F6261A5124B0783000C9865B /* LaunchScreen.storyboard */; };
		F687259424B362EE006F5248 /* Cartography in Frameworks */ = {isa = PBXBuildFile; productRef = F687259324B362EE006F5248 /* Cartography */; };
		F687259624B362EE006F5248 /* TVOSKeyboard in Frameworks */ = {isa = PBXBuildFile; productRef = F687259524B362EE006F5248 /* TVOSKeyboard */; };
/* End PBXBuildFile section */

/* Begin PBXFileReference section */
		F6261A4524B0782F00C9865B /* TVOSKeyboard-Example.app */ = {isa = PBXFileReference; explicitFileType = wrapper.application; includeInIndex = 0; path = "TVOSKeyboard-Example.app"; sourceTree = BUILT_PRODUCTS_DIR; };
		F6261A4824B0782F00C9865B /* AppDelegate.swift */ = {isa = PBXFileReference; lastKnownFileType = sourcecode.swift; path = AppDelegate.swift; sourceTree = "<group>"; };
		F6261A4A24B0782F00C9865B /* ViewController.swift */ = {isa = PBXFileReference; lastKnownFileType = sourcecode.swift; path = ViewController.swift; sourceTree = "<group>"; };
		F6261A4D24B0782F00C9865B /* Base */ = {isa = PBXFileReference; lastKnownFileType = file.storyboard; name = Base; path = Base.lproj/Main.storyboard; sourceTree = "<group>"; };
		F6261A4F24B0783000C9865B /* Assets.xcassets */ = {isa = PBXFileReference; lastKnownFileType = folder.assetcatalog; path = Assets.xcassets; sourceTree = "<group>"; };
		F6261A5224B0783000C9865B /* Base */ = {isa = PBXFileReference; lastKnownFileType = file.storyboard; name = Base; path = Base.lproj/LaunchScreen.storyboard; sourceTree = "<group>"; };
		F6261A5424B0783000C9865B /* Info.plist */ = {isa = PBXFileReference; lastKnownFileType = text.plist.xml; path = Info.plist; sourceTree = "<group>"; };
/* End PBXFileReference section */

/* Begin PBXFrameworksBuildPhase section */
		F6261A4224B0782F00C9865B /* Frameworks */ = {
			isa = PBXFrameworksBuildPhase;
			buildActionMask = 2147483647;
			files = (
				F687259424B362EE006F5248 /* Cartography in Frameworks */,
				F687259624B362EE006F5248 /* TVOSKeyboard in Frameworks */,
			);
			runOnlyForDeploymentPostprocessing = 0;
		};
/* End PBXFrameworksBuildPhase section */

/* Begin PBXGroup section */
		F6261A3C24B0782F00C9865B = {
			isa = PBXGroup;
			children = (
				F6261A4724B0782F00C9865B /* TVOSKeyboard-Example */,
				F6261A4624B0782F00C9865B /* Products */,
				F6261A7924B07B7C00C9865B /* Frameworks */,
			);
			sourceTree = "<group>";
		};
		F6261A4624B0782F00C9865B /* Products */ = {
			isa = PBXGroup;
			children = (
				F6261A4524B0782F00C9865B /* TVOSKeyboard-Example.app */,
			);
			name = Products;
			sourceTree = "<group>";
		};
		F6261A4724B0782F00C9865B /* TVOSKeyboard-Example */ = {
			isa = PBXGroup;
			children = (
				F6261A4824B0782F00C9865B /* AppDelegate.swift */,
				F6261A4A24B0782F00C9865B /* ViewController.swift */,
				F6261A4C24B0782F00C9865B /* Main.storyboard */,
				F6261A4F24B0783000C9865B /* Assets.xcassets */,
				F6261A5124B0783000C9865B /* LaunchScreen.storyboard */,
				F6261A5424B0783000C9865B /* Info.plist */,
			);
			path = "TVOSKeyboard-Example";
			sourceTree = "<group>";
		};
		F6261A7924B07B7C00C9865B /* Frameworks */ = {
			isa = PBXGroup;
			children = (
			);
			name = Frameworks;
			sourceTree = "<group>";
		};
/* End PBXGroup section */

/* Begin PBXNativeTarget section */
		F6261A4424B0782F00C9865B /* TVOSKeyboard-Example */ = {
			isa = PBXNativeTarget;
			buildConfigurationList = F6261A5724B0783000C9865B /* Build configuration list for PBXNativeTarget "TVOSKeyboard-Example" */;
			buildPhases = (
				F6261A4124B0782F00C9865B /* Sources */,
				F6261A4224B0782F00C9865B /* Frameworks */,
				F6261A4324B0782F00C9865B /* Resources */,
			);
			buildRules = (
			);
			dependencies = (
			);
			name = "TVOSKeyboard-Example";
			packageProductDependencies = (
				F687259324B362EE006F5248 /* Cartography */,
				F687259524B362EE006F5248 /* TVOSKeyboard */,
			);
			productName = "TVOSKeyboard-Eample";
			productReference = F6261A4524B0782F00C9865B /* TVOSKeyboard-Example.app */;
			productType = "com.apple.product-type.application";
		};
/* End PBXNativeTarget section */

/* Begin PBXProject section */
		F6261A3D24B0782F00C9865B /* Project object */ = {
			isa = PBXProject;
			attributes = {
				LastSwiftUpdateCheck = 1150;
				LastUpgradeCheck = 1150;
				ORGANIZATIONNAME = "Stanislav Belsky";
				TargetAttributes = {
					F6261A4424B0782F00C9865B = {
						CreatedOnToolsVersion = 11.5;
					};
				};
			};
			buildConfigurationList = F6261A4024B0782F00C9865B /* Build configuration list for PBXProject "TVOSKeyboard-Example" */;
			compatibilityVersion = "Xcode 9.3";
			developmentRegion = en;
			hasScannedForEncodings = 0;
			knownRegions = (
				en,
				Base,
			);
			mainGroup = F6261A3C24B0782F00C9865B;
			packageReferences = (
				F687259224B362EE006F5248 /* XCRemoteSwiftPackageReference "TVOSKeyboard" */,
			);
			productRefGroup = F6261A4624B0782F00C9865B /* Products */;
			projectDirPath = "";
			projectRoot = "";
			targets = (
				F6261A4424B0782F00C9865B /* TVOSKeyboard-Example */,
			);
		};
/* End PBXProject section */

/* Begin PBXResourcesBuildPhase section */
		F6261A4324B0782F00C9865B /* Resources */ = {
			isa = PBXResourcesBuildPhase;
			buildActionMask = 2147483647;
			files = (
				F6261A5324B0783000C9865B /* LaunchScreen.storyboard in Resources */,
				F6261A5024B0783000C9865B /* Assets.xcassets in Resources */,
				F6261A4E24B0782F00C9865B /* Main.storyboard in Resources */,
			);
			runOnlyForDeploymentPostprocessing = 0;
		};
/* End PBXResourcesBuildPhase section */

/* Begin PBXSourcesBuildPhase section */
		F6261A4124B0782F00C9865B /* Sources */ = {
			isa = PBXSourcesBuildPhase;
			buildActionMask = 2147483647;
			files = (
				F6261A4B24B0782F00C9865B /* ViewController.swift in Sources */,
				F6261A4924B0782F00C9865B /* AppDelegate.swift in Sources */,
			);
			runOnlyForDeploymentPostprocessing = 0;
		};
/* End PBXSourcesBuildPhase section */

/* Begin PBXVariantGroup section */
		F6261A4C24B0782F00C9865B /* Main.storyboard */ = {
			isa = PBXVariantGroup;
			children = (
				F6261A4D24B0782F00C9865B /* Base */,
			);
			name = Main.storyboard;
			sourceTree = "<group>";
		};
		F6261A5124B0783000C9865B /* LaunchScreen.storyboard */ = {
			isa = PBXVariantGroup;
			children = (
				F6261A5224B0783000C9865B /* Base */,
			);
			name = LaunchScreen.storyboard;
			sourceTree = "<group>";
		};
/* End PBXVariantGroup section */

/* Begin XCBuildConfiguration section */
		F6261A5524B0783000C9865B /* Debug */ = {
			isa = XCBuildConfiguration;
			buildSettings = {
				ALWAYS_SEARCH_USER_PATHS = NO;
				CLANG_ANALYZER_NONNULL = YES;
				CLANG_ANALYZER_NUMBER_OBJECT_CONVERSION = YES_AGGRESSIVE;
				CLANG_CXX_LANGUAGE_STANDARD = "gnu++14";
				CLANG_CXX_LIBRARY = "libc++";
				CLANG_ENABLE_MODULES = YES;
				CLANG_ENABLE_OBJC_ARC = YES;
				CLANG_ENABLE_OBJC_WEAK = YES;
				CLANG_WARN_BLOCK_CAPTURE_AUTORELEASING = YES;
				CLANG_WARN_BOOL_CONVERSION = YES;
				CLANG_WARN_COMMA = YES;
				CLANG_WARN_CONSTANT_CONVERSION = YES;
				CLANG_WARN_DEPRECATED_OBJC_IMPLEMENTATIONS = YES;
				CLANG_WARN_DIRECT_OBJC_ISA_USAGE = YES_ERROR;
				CLANG_WARN_DOCUMENTATION_COMMENTS = YES;
				CLANG_WARN_EMPTY_BODY = YES;
				CLANG_WARN_ENUM_CONVERSION = YES;
				CLANG_WARN_INFINITE_RECURSION = YES;
				CLANG_WARN_INT_CONVERSION = YES;
				CLANG_WARN_NON_LITERAL_NULL_CONVERSION = YES;
				CLANG_WARN_OBJC_IMPLICIT_RETAIN_SELF = YES;
				CLANG_WARN_OBJC_LITERAL_CONVERSION = YES;
				CLANG_WARN_OBJC_ROOT_CLASS = YES_ERROR;
				CLANG_WARN_RANGE_LOOP_ANALYSIS = YES;
				CLANG_WARN_STRICT_PROTOTYPES = YES;
				CLANG_WARN_SUSPICIOUS_MOVE = YES;
				CLANG_WARN_UNGUARDED_AVAILABILITY = YES_AGGRESSIVE;
				CLANG_WARN_UNREACHABLE_CODE = YES;
				CLANG_WARN__DUPLICATE_METHOD_MATCH = YES;
				COPY_PHASE_STRIP = NO;
				DEBUG_INFORMATION_FORMAT = dwarf;
				ENABLE_STRICT_OBJC_MSGSEND = YES;
				ENABLE_TESTABILITY = YES;
				GCC_C_LANGUAGE_STANDARD = gnu11;
				GCC_DYNAMIC_NO_PIC = NO;
				GCC_NO_COMMON_BLOCKS = YES;
				GCC_OPTIMIZATION_LEVEL = 0;
				GCC_PREPROCESSOR_DEFINITIONS = (
					"DEBUG=1",
					"$(inherited)",
				);
				GCC_WARN_64_TO_32_BIT_CONVERSION = YES;
				GCC_WARN_ABOUT_RETURN_TYPE = YES_ERROR;
				GCC_WARN_UNDECLARED_SELECTOR = YES;
				GCC_WARN_UNINITIALIZED_AUTOS = YES_AGGRESSIVE;
				GCC_WARN_UNUSED_FUNCTION = YES;
				GCC_WARN_UNUSED_VARIABLE = YES;
				MTL_ENABLE_DEBUG_INFO = INCLUDE_SOURCE;
				MTL_FAST_MATH = YES;
				ONLY_ACTIVE_ARCH = YES;
				SDKROOT = appletvos;
				SWIFT_ACTIVE_COMPILATION_CONDITIONS = DEBUG;
				SWIFT_OPTIMIZATION_LEVEL = "-Onone";
				TVOS_DEPLOYMENT_TARGET = 13.4;
			};
			name = Debug;
		};
		F6261A5624B0783000C9865B /* Release */ = {
			isa = XCBuildConfiguration;
			buildSettings = {
				ALWAYS_SEARCH_USER_PATHS = NO;
				CLANG_ANALYZER_NONNULL = YES;
				CLANG_ANALYZER_NUMBER_OBJECT_CONVERSION = YES_AGGRESSIVE;
				CLANG_CXX_LANGUAGE_STANDARD = "gnu++14";
				CLANG_CXX_LIBRARY = "libc++";
				CLANG_ENABLE_MODULES = YES;
				CLANG_ENABLE_OBJC_ARC = YES;
				CLANG_ENABLE_OBJC_WEAK = YES;
				CLANG_WARN_BLOCK_CAPTURE_AUTORELEASING = YES;
				CLANG_WARN_BOOL_CONVERSION = YES;
				CLANG_WARN_COMMA = YES;
				CLANG_WARN_CONSTANT_CONVERSION = YES;
				CLANG_WARN_DEPRECATED_OBJC_IMPLEMENTATIONS = YES;
				CLANG_WARN_DIRECT_OBJC_ISA_USAGE = YES_ERROR;
				CLANG_WARN_DOCUMENTATION_COMMENTS = YES;
				CLANG_WARN_EMPTY_BODY = YES;
				CLANG_WARN_ENUM_CONVERSION = YES;
				CLANG_WARN_INFINITE_RECURSION = YES;
				CLANG_WARN_INT_CONVERSION = YES;
				CLANG_WARN_NON_LITERAL_NULL_CONVERSION = YES;
				CLANG_WARN_OBJC_IMPLICIT_RETAIN_SELF = YES;
				CLANG_WARN_OBJC_LITERAL_CONVERSION = YES;
				CLANG_WARN_OBJC_ROOT_CLASS = YES_ERROR;
				CLANG_WARN_RANGE_LOOP_ANALYSIS = YES;
				CLANG_WARN_STRICT_PROTOTYPES = YES;
				CLANG_WARN_SUSPICIOUS_MOVE = YES;
				CLANG_WARN_UNGUARDED_AVAILABILITY = YES_AGGRESSIVE;
				CLANG_WARN_UNREACHABLE_CODE = YES;
				CLANG_WARN__DUPLICATE_METHOD_MATCH = YES;
				COPY_PHASE_STRIP = NO;
				DEBUG_INFORMATION_FORMAT = "dwarf-with-dsym";
				ENABLE_NS_ASSERTIONS = NO;
				ENABLE_STRICT_OBJC_MSGSEND = YES;
				GCC_C_LANGUAGE_STANDARD = gnu11;
				GCC_NO_COMMON_BLOCKS = YES;
				GCC_WARN_64_TO_32_BIT_CONVERSION = YES;
				GCC_WARN_ABOUT_RETURN_TYPE = YES_ERROR;
				GCC_WARN_UNDECLARED_SELECTOR = YES;
				GCC_WARN_UNINITIALIZED_AUTOS = YES_AGGRESSIVE;
				GCC_WARN_UNUSED_FUNCTION = YES;
				GCC_WARN_UNUSED_VARIABLE = YES;
				MTL_ENABLE_DEBUG_INFO = NO;
				MTL_FAST_MATH = YES;
				SDKROOT = appletvos;
				SWIFT_COMPILATION_MODE = wholemodule;
				SWIFT_OPTIMIZATION_LEVEL = "-O";
				TVOS_DEPLOYMENT_TARGET = 13.4;
				VALIDATE_PRODUCT = YES;
			};
			name = Release;
		};
		F6261A5824B0783000C9865B /* Debug */ = {
			isa = XCBuildConfiguration;
			buildSettings = {
				ASSETCATALOG_COMPILER_APPICON_NAME = "App Icon & Top Shelf Image";
				CODE_SIGN_STYLE = Automatic;
				DEVELOPMENT_ASSET_PATHS = "";
				DEVELOPMENT_TEAM = K7N26A7XC9;
				INFOPLIST_FILE = "$(SRCROOT)/TVOSKeyboard-Example/Info.plist";
				LD_RUNPATH_SEARCH_PATHS = (
					"$(inherited)",
					"@executable_path/Frameworks",
				);
				PRODUCT_BUNDLE_IDENTIFIER = "com.overinet.TVOSKeyboard-Example";
				PRODUCT_NAME = "$(TARGET_NAME)";
				SWIFT_VERSION = 5.0;
				TARGETED_DEVICE_FAMILY = 3;
			};
			name = Debug;
		};
		F6261A5924B0783000C9865B /* Release */ = {
			isa = XCBuildConfiguration;
			buildSettings = {
				ASSETCATALOG_COMPILER_APPICON_NAME = "App Icon & Top Shelf Image";
				CODE_SIGN_STYLE = Automatic;
				DEVELOPMENT_ASSET_PATHS = "";
				DEVELOPMENT_TEAM = K7N26A7XC9;
				INFOPLIST_FILE = "$(SRCROOT)/TVOSKeyboard-Example/Info.plist";
				LD_RUNPATH_SEARCH_PATHS = (
					"$(inherited)",
					"@executable_path/Frameworks",
				);
				PRODUCT_BUNDLE_IDENTIFIER = "com.overinet.TVOSKeyboard-Example";
				PRODUCT_NAME = "$(TARGET_NAME)";
				SWIFT_VERSION = 5.0;
				TARGETED_DEVICE_FAMILY = 3;
			};
			name = Release;
		};
/* End XCBuildConfiguration section */

/* Begin XCConfigurationList section */
		F6261A4024B0782F00C9865B /* Build configuration list for PBXProject "TVOSKeyboard-Example" */ = {
			isa = XCConfigurationList;
			buildConfigurations = (
				F6261A5524B0783000C9865B /* Debug */,
				F6261A5624B0783000C9865B /* Release */,
			);
			defaultConfigurationIsVisible = 0;
			defaultConfigurationName = Release;
		};
		F6261A5724B0783000C9865B /* Build configuration list for PBXNativeTarget "TVOSKeyboard-Example" */ = {
			isa = XCConfigurationList;
			buildConfigurations = (
				F6261A5824B0783000C9865B /* Debug */,
				F6261A5924B0783000C9865B /* Release */,
			);
			defaultConfigurationIsVisible = 0;
			defaultConfigurationName = Release;
		};
/* End XCConfigurationList section */

/* Begin XCRemoteSwiftPackageReference section */
		F687259224B362EE006F5248 /* XCRemoteSwiftPackageReference "TVOSKeyboard" */ = {
			isa = XCRemoteSwiftPackageReference;
			repositoryURL = "https://github.com/goldenplan/TVOSKeyboard";
			requirement = {
				kind = upToNextMajorVersion;
				minimumVersion = 0.1.0;
			};
		};
/* End XCRemoteSwiftPackageReference section */

/* Begin XCSwiftPackageProductDependency section */
		F687259324B362EE006F5248 /* Cartography */ = {
			isa = XCSwiftPackageProductDependency;
			package = F687259224B362EE006F5248 /* XCRemoteSwiftPackageReference "TVOSKeyboard" */;
			productName = Cartography;
		};
		F687259524B362EE006F5248 /* TVOSKeyboard */ = {
			isa = XCSwiftPackageProductDependency;
			package = F687259224B362EE006F5248 /* XCRemoteSwiftPackageReference "TVOSKeyboard" */;
			productName = TVOSKeyboard;
		};
/* End XCSwiftPackageProductDependency section */
	};
	rootObject = F6261A3D24B0782F00C9865B /* Project object */;
}
